
Microsoft Visual Studio Solution File, Format Version 12.00
# Visual Studio Version 16
VisualStudioVersion = 16.0.29424.173
MinimumVisualStudioVersion = 10.0.40219.1
Project("{FAE04EC0-301F-11D3-BF4B-00C04F79EFBC}") = "MvcModules", "MvcModules\MvcModules.csproj", "{548FCDF9-48CA-418B-BA5B-7D5FF34EEDFD}"
EndProject
Project("{2150E333-8FDC-42A3-9474-1A3956D46DE8}") = "Example", "Example", "{69796AF3-CAF4-4FB3-9785-D60E74FE28BB}"
EndProject
Project("{FAE04EC0-301F-11D3-BF4B-00C04F79EFBC}") = "SimpleModule", "SimpleModuleExample\SimpleModule\SimpleModule.csproj", "{F4AF5A32-C30A-496A-AE6F-0AAECAE0E95B}"
EndProject
Project("{FAE04EC0-301F-11D3-BF4B-00C04F79EFBC}") = "SimpleModuleWeb", "SimpleModuleExample\SimpleModuleWeb\SimpleModuleWeb.csproj", "{CC998115-9DFE-4DB6-8551-09AE02ED0656}"
EndProject
Global
	GlobalSection(SolutionConfigurationPlatforms) = preSolution
		Debug|Any CPU = Debug|Any CPU
		Release|Any CPU = Release|Any CPU
	EndGlobalSection
	GlobalSection(ProjectConfigurationPlatforms) = postSolution
		{548FCDF9-48CA-418B-BA5B-7D5FF34EEDFD}.Debug|Any CPU.ActiveCfg = Debug|Any CPU
		{548FCDF9-48CA-418B-BA5B-7D5FF34EEDFD}.Debug|Any CPU.Build.0 = Debug|Any CPU
		{548FCDF9-48CA-418B-BA5B-7D5FF34EEDFD}.Release|Any CPU.ActiveCfg = Release|Any CPU
		{548FCDF9-48CA-418B-BA5B-7D5FF34EEDFD}.Release|Any CPU.Build.0 = Release|Any CPU
		{F4AF5A32-C30A-496A-AE6F-0AAECAE0E95B}.Debug|Any CPU.ActiveCfg = Debug|Any CPU
		{F4AF5A32-C30A-496A-AE6F-0AAECAE0E95B}.Debug|Any CPU.Build.0 = Debug|Any CPU
		{F4AF5A32-C30A-496A-AE6F-0AAECAE0E95B}.Release|Any CPU.ActiveCfg = Release|Any CPU
		{F4AF5A32-C30A-496A-AE6F-0AAECAE0E95B}.Release|Any CPU.Build.0 = Release|Any CPU
		{CC998115-9DFE-4DB6-8551-09AE02ED0656}.Debug|Any CPU.ActiveCfg = Debug|Any CPU
		{CC998115-9DFE-4DB6-8551-09AE02ED0656}.Debug|Any CPU.Build.0 = Debug|Any CPU
		{CC998115-9DFE-4DB6-8551-09AE02ED0656}.Release|Any CPU.ActiveCfg = Release|Any CPU
		{CC998115-9DFE-4DB6-8551-09AE02ED0656}.Release|Any CPU.Build.0 = Release|Any CPU
	EndGlobalSection
	GlobalSection(SolutionProperties) = preSolution
		HideSolutionNode = FALSE
	EndGlobalSection
	GlobalSection(NestedProjects) = preSolution
		{F4AF5A32-C30A-496A-AE6F-0AAECAE0E95B} = {69796AF3-CAF4-4FB3-9785-D60E74FE28BB}
		{CC998115-9DFE-4DB6-8551-09AE02ED0656} = {69796AF3-CAF4-4FB3-9785-D60E74FE28BB}
	EndGlobalSection
	GlobalSection(ExtensibilityGlobals) = postSolution
		SolutionGuid = {AB360655-08CD-42E0-881A-735496DFA6E5}
	EndGlobalSection
EndGlobal
